
Microsoft Visual Studio Solution File, Format Version 12.00
# Visual Studio Version 17
VisualStudioVersion = 17.3.32929.385
MinimumVisualStudioVersion = 10.0.40219.1
Project("{FAE04EC0-301F-11D3-BF4B-00C04F79EFBC}") = "8. Balanced Parentheses", "8. Balanced Parentheses\8. Balanced Parentheses.csproj", "{1D85A855-F5C3-4ED3-A808-3A9CCE18C6DB}"
EndProject
Global
	GlobalSection(SolutionConfigurationPlatforms) = preSolution
		Debug|Any CPU = Debug|Any CPU
		Release|Any CPU = Release|Any CPU
	EndGlobalSection
	GlobalSection(ProjectConfigurationPlatforms) = postSolution
		{1D85A855-F5C3-4ED3-A808-3A9CCE18C6DB}.Debug|Any CPU.ActiveCfg = Debug|Any CPU
		{1D85A855-F5C3-4ED3-A808-3A9CCE18C6DB}.Debug|Any CPU.Build.0 = Debug|Any CPU
		{1D85A855-F5C3-4ED3-A808-3A9CCE18C6DB}.Release|Any CPU.ActiveCfg = Release|Any CPU
		{1D85A855-F5C3-4ED3-A808-3A9CCE18C6DB}.Release|Any CPU.Build.0 = Release|Any CPU
	EndGlobalSection
	GlobalSection(SolutionProperties) = preSolution
		HideSolutionNode = FALSE
	EndGlobalSection
	GlobalSection(ExtensibilityGlobals) = postSolution
		SolutionGuid = {A8D97E9D-ECAC-4496-B87F-54AF33C3401A}
	EndGlobalSection
EndGlobal
