
Microsoft Visual Studio Solution File, Format Version 12.00
# Visual Studio Version 17
VisualStudioVersion = 17.3.32929.385
MinimumVisualStudioVersion = 10.0.40219.1
Project("{FAE04EC0-301F-11D3-BF4B-00C04F79EFBC}") = "1. Sum Matrix Elements", "1. Sum Matrix Elements\1. Sum Matrix Elements.csproj", "{BC2782F0-5ED4-4EF4-8C0D-EF79356059BF}"
EndProject
Global
	GlobalSection(SolutionConfigurationPlatforms) = preSolution
		Debug|Any CPU = Debug|Any CPU
		Release|Any CPU = Release|Any CPU
	EndGlobalSection
	GlobalSection(ProjectConfigurationPlatforms) = postSolution
		{BC2782F0-5ED4-4EF4-8C0D-EF79356059BF}.Debug|Any CPU.ActiveCfg = Debug|Any CPU
		{BC2782F0-5ED4-4EF4-8C0D-EF79356059BF}.Debug|Any CPU.Build.0 = Debug|Any CPU
		{BC2782F0-5ED4-4EF4-8C0D-EF79356059BF}.Release|Any CPU.ActiveCfg = Release|Any CPU
		{BC2782F0-5ED4-4EF4-8C0D-EF79356059BF}.Release|Any CPU.Build.0 = Release|Any CPU
	EndGlobalSection
	GlobalSection(SolutionProperties) = preSolution
		HideSolutionNode = FALSE
	EndGlobalSection
	GlobalSection(ExtensibilityGlobals) = postSolution
		SolutionGuid = {F2AF4FCD-025A-4596-BEB4-BBEE1C062163}
	EndGlobalSection
EndGlobal
